// !$*UTF8*$!
{
	archiveVersion = 1;
	classes = {
	};
	objectVersion = 55;
	objects = {

/* Begin PBXBuildFile section */
		84E5711CAD595C4A62518788 /* Pods_SurfTestProject.framework in Frameworks */ = {isa = PBXBuildFile; fileRef = A9DE517DFFA4E226EC55B177 /* Pods_SurfTestProject.framework */; };
		92A0ABEF298C396200DEDF0F /* AppDelegate.swift in Sources */ = {isa = PBXBuildFile; fileRef = 92A0ABEE298C396200DEDF0F /* AppDelegate.swift */; };
		92A0ABF1298C396200DEDF0F /* SceneDelegate.swift in Sources */ = {isa = PBXBuildFile; fileRef = 92A0ABF0298C396200DEDF0F /* SceneDelegate.swift */; };
		92A0ABF3298C396200DEDF0F /* MainViewController.swift in Sources */ = {isa = PBXBuildFile; fileRef = 92A0ABF2298C396200DEDF0F /* MainViewController.swift */; };
		92A0ABF8298C396300DEDF0F /* Assets.xcassets in Resources */ = {isa = PBXBuildFile; fileRef = 92A0ABF7298C396300DEDF0F /* Assets.xcassets */; };
		92A0ABFB298C396300DEDF0F /* LaunchScreen.storyboard in Resources */ = {isa = PBXBuildFile; fileRef = 92A0ABF9298C396300DEDF0F /* LaunchScreen.storyboard */; };
		92A0AC03298C3E6E00DEDF0F /* BranchButton.swift in Sources */ = {isa = PBXBuildFile; fileRef = 92A0AC02298C3E6E00DEDF0F /* BranchButton.swift */; };
		92A0AC07298D39AD00DEDF0F /* GroupView.swift in Sources */ = {isa = PBXBuildFile; fileRef = 92A0AC06298D39AD00DEDF0F /* GroupView.swift */; };
		92A0AC09298D43E000DEDF0F /* FooterView.swift in Sources */ = {isa = PBXBuildFile; fileRef = 92A0AC08298D43E000DEDF0F /* FooterView.swift */; };
		92A0AC0B298E9C2E00DEDF0F /* ButtonCollectionViewCell.swift in Sources */ = {isa = PBXBuildFile; fileRef = 92A0AC0A298E9C2E00DEDF0F /* ButtonCollectionViewCell.swift */; };
		92A0AC0D29911B3000DEDF0F /* InternshipData.swift in Sources */ = {isa = PBXBuildFile; fileRef = 92A0AC0C29911B3000DEDF0F /* InternshipData.swift */; };
		92A0AC132991386000DEDF0F /* CollectionDataSource.swift in Sources */ = {isa = PBXBuildFile; fileRef = 92A0AC122991386000DEDF0F /* CollectionDataSource.swift */; };
		92A0AC17299290E000DEDF0F /* TwoLineButtonRowView.swift in Sources */ = {isa = PBXBuildFile; fileRef = 92A0AC16299290E000DEDF0F /* TwoLineButtonRowView.swift */; };
/* End PBXBuildFile section */

/* Begin PBXFileReference section */
		51118D054373A4443E020CB8 /* Pods-SurfTestProject.release.xcconfig */ = {isa = PBXFileReference; includeInIndex = 1; lastKnownFileType = text.xcconfig; name = "Pods-SurfTestProject.release.xcconfig"; path = "Target Support Files/Pods-SurfTestProject/Pods-SurfTestProject.release.xcconfig"; sourceTree = "<group>"; };
		92A0ABEB298C396200DEDF0F /* SurfTestProject.app */ = {isa = PBXFileReference; explicitFileType = wrapper.application; includeInIndex = 0; path = SurfTestProject.app; sourceTree = BUILT_PRODUCTS_DIR; };
		92A0ABEE298C396200DEDF0F /* AppDelegate.swift */ = {isa = PBXFileReference; lastKnownFileType = sourcecode.swift; path = AppDelegate.swift; sourceTree = "<group>"; };
		92A0ABF0298C396200DEDF0F /* SceneDelegate.swift */ = {isa = PBXFileReference; lastKnownFileType = sourcecode.swift; path = SceneDelegate.swift; sourceTree = "<group>"; };
		92A0ABF2298C396200DEDF0F /* MainViewController.swift */ = {isa = PBXFileReference; lastKnownFileType = sourcecode.swift; path = MainViewController.swift; sourceTree = "<group>"; };
		92A0ABF7298C396300DEDF0F /* Assets.xcassets */ = {isa = PBXFileReference; lastKnownFileType = folder.assetcatalog; path = Assets.xcassets; sourceTree = "<group>"; };
		92A0ABFA298C396300DEDF0F /* Base */ = {isa = PBXFileReference; lastKnownFileType = file.storyboard; name = Base; path = Base.lproj/LaunchScreen.storyboard; sourceTree = "<group>"; };
		92A0ABFC298C396300DEDF0F /* Info.plist */ = {isa = PBXFileReference; lastKnownFileType = text.plist.xml; path = Info.plist; sourceTree = "<group>"; };
		92A0AC02298C3E6E00DEDF0F /* BranchButton.swift */ = {isa = PBXFileReference; lastKnownFileType = sourcecode.swift; path = BranchButton.swift; sourceTree = "<group>"; };
		92A0AC06298D39AD00DEDF0F /* GroupView.swift */ = {isa = PBXFileReference; lastKnownFileType = sourcecode.swift; path = GroupView.swift; sourceTree = "<group>"; };
		92A0AC08298D43E000DEDF0F /* FooterView.swift */ = {isa = PBXFileReference; lastKnownFileType = sourcecode.swift; path = FooterView.swift; sourceTree = "<group>"; };
		92A0AC0A298E9C2E00DEDF0F /* ButtonCollectionViewCell.swift */ = {isa = PBXFileReference; lastKnownFileType = sourcecode.swift; path = ButtonCollectionViewCell.swift; sourceTree = "<group>"; };
		92A0AC0C29911B3000DEDF0F /* InternshipData.swift */ = {isa = PBXFileReference; lastKnownFileType = sourcecode.swift; path = InternshipData.swift; sourceTree = "<group>"; };
		92A0AC122991386000DEDF0F /* CollectionDataSource.swift */ = {isa = PBXFileReference; lastKnownFileType = sourcecode.swift; path = CollectionDataSource.swift; sourceTree = "<group>"; };
		92A0AC16299290E000DEDF0F /* TwoLineButtonRowView.swift */ = {isa = PBXFileReference; lastKnownFileType = sourcecode.swift; path = TwoLineButtonRowView.swift; sourceTree = "<group>"; };
		A9DE517DFFA4E226EC55B177 /* Pods_SurfTestProject.framework */ = {isa = PBXFileReference; explicitFileType = wrapper.framework; includeInIndex = 0; path = Pods_SurfTestProject.framework; sourceTree = BUILT_PRODUCTS_DIR; };
		E56B4A106A7AA4C29CD1FC29 /* Pods-SurfTestProject.debug.xcconfig */ = {isa = PBXFileReference; includeInIndex = 1; lastKnownFileType = text.xcconfig; name = "Pods-SurfTestProject.debug.xcconfig"; path = "Target Support Files/Pods-SurfTestProject/Pods-SurfTestProject.debug.xcconfig"; sourceTree = "<group>"; };
/* End PBXFileReference section */

/* Begin PBXFrameworksBuildPhase section */
		92A0ABE8298C396200DEDF0F /* Frameworks */ = {
			isa = PBXFrameworksBuildPhase;
			buildActionMask = 2147483647;
			files = (
				84E5711CAD595C4A62518788 /* Pods_SurfTestProject.framework in Frameworks */,
			);
			runOnlyForDeploymentPostprocessing = 0;
		};
/* End PBXFrameworksBuildPhase section */

/* Begin PBXGroup section */
		153B797E3C12DC5FD67CA10F /* Frameworks */ = {
			isa = PBXGroup;
			children = (
				A9DE517DFFA4E226EC55B177 /* Pods_SurfTestProject.framework */,
			);
			name = Frameworks;
			sourceTree = "<group>";
		};
		92A0ABE2298C396200DEDF0F = {
			isa = PBXGroup;
			children = (
				92A0ABED298C396200DEDF0F /* SurfTestProject */,
				92A0ABEC298C396200DEDF0F /* Products */,
				9FD66AA9451F671CB8E5CFF4 /* Pods */,
				153B797E3C12DC5FD67CA10F /* Frameworks */,
			);
			sourceTree = "<group>";
		};
		92A0ABEC298C396200DEDF0F /* Products */ = {
			isa = PBXGroup;
			children = (
				92A0ABEB298C396200DEDF0F /* SurfTestProject.app */,
			);
			name = Products;
			sourceTree = "<group>";
		};
		92A0ABED298C396200DEDF0F /* SurfTestProject */ = {
			isa = PBXGroup;
			children = (
				92A0AC112991208F00DEDF0F /* Controller */,
				92A0AC1029911E6400DEDF0F /* View */,
				92A0AC0F29911E0F00DEDF0F /* Application */,
				92A0AC0E29911E0600DEDF0F /* Model */,
				92A0ABF7298C396300DEDF0F /* Assets.xcassets */,
				92A0ABF9298C396300DEDF0F /* LaunchScreen.storyboard */,
				92A0ABFC298C396300DEDF0F /* Info.plist */,
			);
			path = SurfTestProject;
			sourceTree = "<group>";
		};
		92A0AC0E29911E0600DEDF0F /* Model */ = {
			isa = PBXGroup;
			children = (
				92A0AC0C29911B3000DEDF0F /* InternshipData.swift */,
			);
			path = Model;
			sourceTree = "<group>";
		};
		92A0AC0F29911E0F00DEDF0F /* Application */ = {
			isa = PBXGroup;
			children = (
				92A0ABF0298C396200DEDF0F /* SceneDelegate.swift */,
				92A0ABEE298C396200DEDF0F /* AppDelegate.swift */,
			);
			path = Application;
			sourceTree = "<group>";
		};
		92A0AC1029911E6400DEDF0F /* View */ = {
			isa = PBXGroup;
			children = (
				92A0AC08298D43E000DEDF0F /* FooterView.swift */,
				92A0AC06298D39AD00DEDF0F /* GroupView.swift */,
				92A0AC0A298E9C2E00DEDF0F /* ButtonCollectionViewCell.swift */,
				92A0AC02298C3E6E00DEDF0F /* BranchButton.swift */,
				92A0AC16299290E000DEDF0F /* TwoLineButtonRowView.swift */,
			);
			path = View;
			sourceTree = "<group>";
		};
		92A0AC112991208F00DEDF0F /* Controller */ = {
			isa = PBXGroup;
			children = (
				92A0ABF2298C396200DEDF0F /* MainViewController.swift */,
				92A0AC122991386000DEDF0F /* CollectionDataSource.swift */,
			);
			path = Controller;
			sourceTree = "<group>";
		};
		9FD66AA9451F671CB8E5CFF4 /* Pods */ = {
			isa = PBXGroup;
			children = (
				E56B4A106A7AA4C29CD1FC29 /* Pods-SurfTestProject.debug.xcconfig */,
				51118D054373A4443E020CB8 /* Pods-SurfTestProject.release.xcconfig */,
			);
			path = Pods;
			sourceTree = "<group>";
		};
/* End PBXGroup section */

/* Begin PBXNativeTarget section */
		92A0ABEA298C396200DEDF0F /* SurfTestProject */ = {
			isa = PBXNativeTarget;
			buildConfigurationList = 92A0ABFF298C396300DEDF0F /* Build configuration list for PBXNativeTarget "SurfTestProject" */;
			buildPhases = (
				DD1A5207E932B95771A83999 /* [CP] Check Pods Manifest.lock */,
				92A0ABE7298C396200DEDF0F /* Sources */,
				92A0ABE8298C396200DEDF0F /* Frameworks */,
				92A0ABE9298C396200DEDF0F /* Resources */,
				9280D5212994363E005CFC4A /* Run SwiftLint */,
			);
			buildRules = (
			);
			dependencies = (
			);
			name = SurfTestProject;
			productName = SurfTestProject;
			productReference = 92A0ABEB298C396200DEDF0F /* SurfTestProject.app */;
			productType = "com.apple.product-type.application";
		};
/* End PBXNativeTarget section */

/* Begin PBXProject section */
		92A0ABE3298C396200DEDF0F /* Project object */ = {
			isa = PBXProject;
			attributes = {
				BuildIndependentTargetsInParallel = 1;
				LastSwiftUpdateCheck = 1320;
				LastUpgradeCheck = 1320;
				TargetAttributes = {
					92A0ABEA298C396200DEDF0F = {
						CreatedOnToolsVersion = 13.2.1;
					};
				};
			};
			buildConfigurationList = 92A0ABE6298C396200DEDF0F /* Build configuration list for PBXProject "SurfTestProject" */;
			compatibilityVersion = "Xcode 13.0";
			developmentRegion = en;
			hasScannedForEncodings = 0;
			knownRegions = (
				en,
				Base,
			);
			mainGroup = 92A0ABE2298C396200DEDF0F;
			productRefGroup = 92A0ABEC298C396200DEDF0F /* Products */;
			projectDirPath = "";
			projectRoot = "";
			targets = (
				92A0ABEA298C396200DEDF0F /* SurfTestProject */,
			);
		};
/* End PBXProject section */

/* Begin PBXResourcesBuildPhase section */
		92A0ABE9298C396200DEDF0F /* Resources */ = {
			isa = PBXResourcesBuildPhase;
			buildActionMask = 2147483647;
			files = (
				92A0ABFB298C396300DEDF0F /* LaunchScreen.storyboard in Resources */,
				92A0ABF8298C396300DEDF0F /* Assets.xcassets in Resources */,
			);
			runOnlyForDeploymentPostprocessing = 0;
		};
/* End PBXResourcesBuildPhase section */

/* Begin PBXShellScriptBuildPhase section */
		9280D5212994363E005CFC4A /* Run SwiftLint */ = {
			isa = PBXShellScriptBuildPhase;
			buildActionMask = 2147483647;
			files = (
			);
			inputFileListPaths = (
			);
			inputPaths = (
			);
			name = "Run SwiftLint";
			outputFileListPaths = (
			);
			outputPaths = (
			);
			runOnlyForDeploymentPostprocessing = 0;
			shellPath = /bin/sh;
			shellScript = "# Adds support for Apple Silicon brew directory\nexport PATH=\"$PATH:/opt/homebrew/bin\"\n#export PATH=\"${/Desktop/Xcode Projects/SurfTestProject/Pods}/SwiftLint/swiftlint\"\nif which swiftlint; then\n    swiftlint --fix | swiftlint\nelse\n  echo \"warning: SwiftLint not installed, download from https://github.com/realm/SwiftLint\"\nfi\n\n";
		};
		DD1A5207E932B95771A83999 /* [CP] Check Pods Manifest.lock */ = {
			isa = PBXShellScriptBuildPhase;
			buildActionMask = 2147483647;
			files = (
			);
			inputFileListPaths = (
			);
			inputPaths = (
				"${PODS_PODFILE_DIR_PATH}/Podfile.lock",
				"${PODS_ROOT}/Manifest.lock",
			);
			name = "[CP] Check Pods Manifest.lock";
			outputFileListPaths = (
			);
			outputPaths = (
				"$(DERIVED_FILE_DIR)/Pods-SurfTestProject-checkManifestLockResult.txt",
			);
			runOnlyForDeploymentPostprocessing = 0;
			shellPath = /bin/sh;
			shellScript = "diff \"${PODS_PODFILE_DIR_PATH}/Podfile.lock\" \"${PODS_ROOT}/Manifest.lock\" > /dev/null\nif [ $? != 0 ] ; then\n    # print error to STDERR\n    echo \"error: The sandbox is not in sync with the Podfile.lock. Run 'pod install' or update your CocoaPods installation.\" >&2\n    exit 1\nfi\n# This output is used by Xcode 'outputs' to avoid re-running this script phase.\necho \"SUCCESS\" > \"${SCRIPT_OUTPUT_FILE_0}\"\n";
			showEnvVarsInLog = 0;
		};
/* End PBXShellScriptBuildPhase section */

/* Begin PBXSourcesBuildPhase section */
		92A0ABE7298C396200DEDF0F /* Sources */ = {
			isa = PBXSourcesBuildPhase;
			buildActionMask = 2147483647;
			files = (
				92A0ABF3298C396200DEDF0F /* MainViewController.swift in Sources */,
				92A0ABEF298C396200DEDF0F /* AppDelegate.swift in Sources */,
				92A0ABF1298C396200DEDF0F /* SceneDelegate.swift in Sources */,
				92A0AC0B298E9C2E00DEDF0F /* ButtonCollectionViewCell.swift in Sources */,
				92A0AC03298C3E6E00DEDF0F /* BranchButton.swift in Sources */,
				92A0AC0D29911B3000DEDF0F /* InternshipData.swift in Sources */,
				92A0AC09298D43E000DEDF0F /* FooterView.swift in Sources */,
				92A0AC132991386000DEDF0F /* CollectionDataSource.swift in Sources */,
				92A0AC17299290E000DEDF0F /* TwoLineButtonRowView.swift in Sources */,
				92A0AC07298D39AD00DEDF0F /* GroupView.swift in Sources */,
			);
			runOnlyForDeploymentPostprocessing = 0;
		};
/* End PBXSourcesBuildPhase section */

/* Begin PBXVariantGroup section */
		92A0ABF9298C396300DEDF0F /* LaunchScreen.storyboard */ = {
			isa = PBXVariantGroup;
			children = (
				92A0ABFA298C396300DEDF0F /* Base */,
			);
			name = LaunchScreen.storyboard;
			sourceTree = "<group>";
		};
/* End PBXVariantGroup section */

/* Begin XCBuildConfiguration section */
		92A0ABFD298C396300DEDF0F /* Debug */ = {
			isa = XCBuildConfiguration;
			buildSettings = {
				ALWAYS_SEARCH_USER_PATHS = NO;
				CLANG_ANALYZER_NONNULL = YES;
				CLANG_ANALYZER_NUMBER_OBJECT_CONVERSION = YES_AGGRESSIVE;
				CLANG_CXX_LANGUAGE_STANDARD = "gnu++17";
				CLANG_CXX_LIBRARY = "libc++";
				CLANG_ENABLE_MODULES = YES;
				CLANG_ENABLE_OBJC_ARC = YES;
				CLANG_ENABLE_OBJC_WEAK = YES;
				CLANG_WARN_BLOCK_CAPTURE_AUTORELEASING = YES;
				CLANG_WARN_BOOL_CONVERSION = YES;
				CLANG_WARN_COMMA = YES;
				CLANG_WARN_CONSTANT_CONVERSION = YES;
				CLANG_WARN_DEPRECATED_OBJC_IMPLEMENTATIONS = YES;
				CLANG_WARN_DIRECT_OBJC_ISA_USAGE = YES_ERROR;
				CLANG_WARN_DOCUMENTATION_COMMENTS = YES;
				CLANG_WARN_EMPTY_BODY = YES;
				CLANG_WARN_ENUM_CONVERSION = YES;
				CLANG_WARN_INFINITE_RECURSION = YES;
				CLANG_WARN_INT_CONVERSION = YES;
				CLANG_WARN_NON_LITERAL_NULL_CONVERSION = YES;
				CLANG_WARN_OBJC_IMPLICIT_RETAIN_SELF = YES;
				CLANG_WARN_OBJC_LITERAL_CONVERSION = YES;
				CLANG_WARN_OBJC_ROOT_CLASS = YES_ERROR;
				CLANG_WARN_QUOTED_INCLUDE_IN_FRAMEWORK_HEADER = YES;
				CLANG_WARN_RANGE_LOOP_ANALYSIS = YES;
				CLANG_WARN_STRICT_PROTOTYPES = YES;
				CLANG_WARN_SUSPICIOUS_MOVE = YES;
				CLANG_WARN_UNGUARDED_AVAILABILITY = YES_AGGRESSIVE;
				CLANG_WARN_UNREACHABLE_CODE = YES;
				CLANG_WARN__DUPLICATE_METHOD_MATCH = YES;
				COPY_PHASE_STRIP = NO;
				DEBUG_INFORMATION_FORMAT = dwarf;
				ENABLE_STRICT_OBJC_MSGSEND = YES;
				ENABLE_TESTABILITY = YES;
				GCC_C_LANGUAGE_STANDARD = gnu11;
				GCC_DYNAMIC_NO_PIC = NO;
				GCC_NO_COMMON_BLOCKS = YES;
				GCC_OPTIMIZATION_LEVEL = 0;
				GCC_PREPROCESSOR_DEFINITIONS = (
					"DEBUG=1",
					"$(inherited)",
				);
				GCC_WARN_64_TO_32_BIT_CONVERSION = YES;
				GCC_WARN_ABOUT_RETURN_TYPE = YES_ERROR;
				GCC_WARN_UNDECLARED_SELECTOR = YES;
				GCC_WARN_UNINITIALIZED_AUTOS = YES_AGGRESSIVE;
				GCC_WARN_UNUSED_FUNCTION = YES;
				GCC_WARN_UNUSED_VARIABLE = YES;
				IPHONEOS_DEPLOYMENT_TARGET = 15.2;
				MTL_ENABLE_DEBUG_INFO = INCLUDE_SOURCE;
				MTL_FAST_MATH = YES;
				ONLY_ACTIVE_ARCH = YES;
				SDKROOT = iphoneos;
				SWIFT_ACTIVE_COMPILATION_CONDITIONS = DEBUG;
				SWIFT_OPTIMIZATION_LEVEL = "-Onone";
			};
			name = Debug;
		};
		92A0ABFE298C396300DEDF0F /* Release */ = {
			isa = XCBuildConfiguration;
			buildSettings = {
				ALWAYS_SEARCH_USER_PATHS = NO;
				CLANG_ANALYZER_NONNULL = YES;
				CLANG_ANALYZER_NUMBER_OBJECT_CONVERSION = YES_AGGRESSIVE;
				CLANG_CXX_LANGUAGE_STANDARD = "gnu++17";
				CLANG_CXX_LIBRARY = "libc++";
				CLANG_ENABLE_MODULES = YES;
				CLANG_ENABLE_OBJC_ARC = YES;
				CLANG_ENABLE_OBJC_WEAK = YES;
				CLANG_WARN_BLOCK_CAPTURE_AUTORELEASING = YES;
				CLANG_WARN_BOOL_CONVERSION = YES;
				CLANG_WARN_COMMA = YES;
				CLANG_WARN_CONSTANT_CONVERSION = YES;
				CLANG_WARN_DEPRECATED_OBJC_IMPLEMENTATIONS = YES;
				CLANG_WARN_DIRECT_OBJC_ISA_USAGE = YES_ERROR;
				CLANG_WARN_DOCUMENTATION_COMMENTS = YES;
				CLANG_WARN_EMPTY_BODY = YES;
				CLANG_WARN_ENUM_CONVERSION = YES;
				CLANG_WARN_INFINITE_RECURSION = YES;
				CLANG_WARN_INT_CONVERSION = YES;
				CLANG_WARN_NON_LITERAL_NULL_CONVERSION = YES;
				CLANG_WARN_OBJC_IMPLICIT_RETAIN_SELF = YES;
				CLANG_WARN_OBJC_LITERAL_CONVERSION = YES;
				CLANG_WARN_OBJC_ROOT_CLASS = YES_ERROR;
				CLANG_WARN_QUOTED_INCLUDE_IN_FRAMEWORK_HEADER = YES;
				CLANG_WARN_RANGE_LOOP_ANALYSIS = YES;
				CLANG_WARN_STRICT_PROTOTYPES = YES;
				CLANG_WARN_SUSPICIOUS_MOVE = YES;
				CLANG_WARN_UNGUARDED_AVAILABILITY = YES_AGGRESSIVE;
				CLANG_WARN_UNREACHABLE_CODE = YES;
				CLANG_WARN__DUPLICATE_METHOD_MATCH = YES;
				COPY_PHASE_STRIP = NO;
				DEBUG_INFORMATION_FORMAT = "dwarf-with-dsym";
				ENABLE_NS_ASSERTIONS = NO;
				ENABLE_STRICT_OBJC_MSGSEND = YES;
				GCC_C_LANGUAGE_STANDARD = gnu11;
				GCC_NO_COMMON_BLOCKS = YES;
				GCC_WARN_64_TO_32_BIT_CONVERSION = YES;
				GCC_WARN_ABOUT_RETURN_TYPE = YES_ERROR;
				GCC_WARN_UNDECLARED_SELECTOR = YES;
				GCC_WARN_UNINITIALIZED_AUTOS = YES_AGGRESSIVE;
				GCC_WARN_UNUSED_FUNCTION = YES;
				GCC_WARN_UNUSED_VARIABLE = YES;
				IPHONEOS_DEPLOYMENT_TARGET = 15.2;
				MTL_ENABLE_DEBUG_INFO = NO;
				MTL_FAST_MATH = YES;
				SDKROOT = iphoneos;
				SWIFT_COMPILATION_MODE = wholemodule;
				SWIFT_OPTIMIZATION_LEVEL = "-O";
				VALIDATE_PRODUCT = YES;
			};
			name = Release;
		};
		92A0AC00298C396300DEDF0F /* Debug */ = {
			isa = XCBuildConfiguration;
			baseConfigurationReference = E56B4A106A7AA4C29CD1FC29 /* Pods-SurfTestProject.debug.xcconfig */;
			buildSettings = {
				ASSETCATALOG_COMPILER_APPICON_NAME = AppIcon;
				ASSETCATALOG_COMPILER_GLOBAL_ACCENT_COLOR_NAME = AccentColor;
				CODE_SIGN_STYLE = Automatic;
				CURRENT_PROJECT_VERSION = 1;
				DEVELOPMENT_TEAM = 95VHSTU4WC;
				GENERATE_INFOPLIST_FILE = YES;
				INFOPLIST_FILE = SurfTestProject/Info.plist;
				INFOPLIST_KEY_UIApplicationSupportsIndirectInputEvents = YES;
				INFOPLIST_KEY_UILaunchStoryboardName = LaunchScreen;
				INFOPLIST_KEY_UISupportedInterfaceOrientations = UIInterfaceOrientationPortrait;
				INFOPLIST_KEY_UISupportedInterfaceOrientations_iPad = "UIInterfaceOrientationPortrait UIInterfaceOrientationPortraitUpsideDown UIInterfaceOrientationLandscapeLeft UIInterfaceOrientationLandscapeRight";
				INFOPLIST_KEY_UISupportedInterfaceOrientations_iPhone = "UIInterfaceOrientationPortrait UIInterfaceOrientationLandscapeLeft UIInterfaceOrientationLandscapeRight";
				LD_RUNPATH_SEARCH_PATHS = (
					"$(inherited)",
					"@executable_path/Frameworks",
				);
				MARKETING_VERSION = 1.0;
				PRODUCT_BUNDLE_IDENTIFIER = denissidorenko.SurfTestProject;
				PRODUCT_NAME = "$(TARGET_NAME)";
				SWIFT_EMIT_LOC_STRINGS = YES;
				SWIFT_VERSION = 5.0;
				TARGETED_DEVICE_FAMILY = 1;
			};
			name = Debug;
		};
		92A0AC01298C396300DEDF0F /* Release */ = {
			isa = XCBuildConfiguration;
			baseConfigurationReference = 51118D054373A4443E020CB8 /* Pods-SurfTestProject.release.xcconfig */;
			buildSettings = {
				ASSETCATALOG_COMPILER_APPICON_NAME = AppIcon;
				ASSETCATALOG_COMPILER_GLOBAL_ACCENT_COLOR_NAME = AccentColor;
				CODE_SIGN_STYLE = Automatic;
				CURRENT_PROJECT_VERSION = 1;
				DEVELOPMENT_TEAM = 95VHSTU4WC;
				GENERATE_INFOPLIST_FILE = YES;
				INFOPLIST_FILE = SurfTestProject/Info.plist;
				INFOPLIST_KEY_UIApplicationSupportsIndirectInputEvents = YES;
				INFOPLIST_KEY_UILaunchStoryboardName = LaunchScreen;
				INFOPLIST_KEY_UISupportedInterfaceOrientations = UIInterfaceOrientationPortrait;
				INFOPLIST_KEY_UISupportedInterfaceOrientations_iPad = "UIInterfaceOrientationPortrait UIInterfaceOrientationPortraitUpsideDown UIInterfaceOrientationLandscapeLeft UIInterfaceOrientationLandscapeRight";
				INFOPLIST_KEY_UISupportedInterfaceOrientations_iPhone = "UIInterfaceOrientationPortrait UIInterfaceOrientationLandscapeLeft UIInterfaceOrientationLandscapeRight";
				LD_RUNPATH_SEARCH_PATHS = (
					"$(inherited)",
					"@executable_path/Frameworks",
				);
				MARKETING_VERSION = 1.0;
				PRODUCT_BUNDLE_IDENTIFIER = denissidorenko.SurfTestProject;
				PRODUCT_NAME = "$(TARGET_NAME)";
				SWIFT_EMIT_LOC_STRINGS = YES;
				SWIFT_VERSION = 5.0;
				TARGETED_DEVICE_FAMILY = 1;
			};
			name = Release;
		};
/* End XCBuildConfiguration section */

/* Begin XCConfigurationList section */
		92A0ABE6298C396200DEDF0F /* Build configuration list for PBXProject "SurfTestProject" */ = {
			isa = XCConfigurationList;
			buildConfigurations = (
				92A0ABFD298C396300DEDF0F /* Debug */,
				92A0ABFE298C396300DEDF0F /* Release */,
			);
			defaultConfigurationIsVisible = 0;
			defaultConfigurationName = Release;
		};
		92A0ABFF298C396300DEDF0F /* Build configuration list for PBXNativeTarget "SurfTestProject" */ = {
			isa = XCConfigurationList;
			buildConfigurations = (
				92A0AC00298C396300DEDF0F /* Debug */,
				92A0AC01298C396300DEDF0F /* Release */,
			);
			defaultConfigurationIsVisible = 0;
			defaultConfigurationName = Release;
		};
/* End XCConfigurationList section */
	};
	rootObject = 92A0ABE3298C396200DEDF0F /* Project object */;
}
